
Microsoft Visual Studio Solution File, Format Version 12.00
# Visual Studio Version 16
VisualStudioVersion = 16.0.29503.13
MinimumVisualStudioVersion = 10.0.40219.1
Project("{2150E333-8FDC-42A3-9474-1A3956D46DE8}") = "netcore", "netcore", "{894A339B-65D1-4E01-BFFB-9E7C1EF90091}"
EndProject
Project("{9A19103F-16F7-4668-BE54-9A1E7A4F7556}") = "PortForward", "netcore\PortForward\PortForward.csproj", "{0FE0231A-4427-46E1-9503-18A26D8E67B8}"
EndProject
Project("{2150E333-8FDC-42A3-9474-1A3956D46DE8}") = "netfx", "netfx", "{2B853119-4979-41D2-BDF0-8C14DEDE4F88}"
EndProject
Project("{FAE04EC0-301F-11D3-BF4B-00C04F79EFBC}") = "PortForward", "netfx\PortForward\PortForward.csproj", "{50FC3536-3999-4168-903E-CFF2C56CEFF2}"
EndProject
Global
	GlobalSection(SolutionConfigurationPlatforms) = preSolution
		Debug|Any CPU = Debug|Any CPU
		Release|Any CPU = Release|Any CPU
	EndGlobalSection
	GlobalSection(ProjectConfigurationPlatforms) = postSolution
		{0FE0231A-4427-46E1-9503-18A26D8E67B8}.Debug|Any CPU.ActiveCfg = Debug|Any CPU
		{0FE0231A-4427-46E1-9503-18A26D8E67B8}.Debug|Any CPU.Build.0 = Debug|Any CPU
		{0FE0231A-4427-46E1-9503-18A26D8E67B8}.Release|Any CPU.ActiveCfg = Release|Any CPU
		{0FE0231A-4427-46E1-9503-18A26D8E67B8}.Release|Any CPU.Build.0 = Release|Any CPU
		{50FC3536-3999-4168-903E-CFF2C56CEFF2}.Debug|Any CPU.ActiveCfg = Debug|Any CPU
		{50FC3536-3999-4168-903E-CFF2C56CEFF2}.Debug|Any CPU.Build.0 = Debug|Any CPU
		{50FC3536-3999-4168-903E-CFF2C56CEFF2}.Release|Any CPU.ActiveCfg = Release|Any CPU
		{50FC3536-3999-4168-903E-CFF2C56CEFF2}.Release|Any CPU.Build.0 = Release|Any CPU
	EndGlobalSection
	GlobalSection(SolutionProperties) = preSolution
		HideSolutionNode = FALSE
	EndGlobalSection
	GlobalSection(NestedProjects) = preSolution
		{0FE0231A-4427-46E1-9503-18A26D8E67B8} = {894A339B-65D1-4E01-BFFB-9E7C1EF90091}
		{50FC3536-3999-4168-903E-CFF2C56CEFF2} = {2B853119-4979-41D2-BDF0-8C14DEDE4F88}
	EndGlobalSection
	GlobalSection(ExtensibilityGlobals) = postSolution
		SolutionGuid = {9DE03764-EDBD-4172-8CBE-3425AD3A181D}
	EndGlobalSection
EndGlobal
